// !$*UTF8*$!
{
	archiveVersion = 1;
	classes = {
	};
	objectVersion = 50;
	objects = {

/* Begin PBXBuildFile section */
		3F23C02E27BF36E9009490BB /* Programming_JokesApp.swift in Sources */ = {isa = PBXBuildFile; fileRef = 3F23C02D27BF36E9009490BB /* Programming_JokesApp.swift */; };
		3F23C03027BF36E9009490BB /* ContentView.swift in Sources */ = {isa = PBXBuildFile; fileRef = 3F23C02F27BF36E9009490BB /* ContentView.swift */; };
		3F23C03227BF36F1009490BB /* Assets.xcassets in Resources */ = {isa = PBXBuildFile; fileRef = 3F23C03127BF36F1009490BB /* Assets.xcassets */; };
		3F23C03527BF36F1009490BB /* Preview Assets.xcassets in Resources */ = {isa = PBXBuildFile; fileRef = 3F23C03427BF36F1009490BB /* Preview Assets.xcassets */; };
		3F23C04027BF36F2009490BB /* Programming_JokesTests.swift in Sources */ = {isa = PBXBuildFile; fileRef = 3F23C03F27BF36F2009490BB /* Programming_JokesTests.swift */; };
		3F23C04B27BF36F2009490BB /* Programming_JokesUITests.swift in Sources */ = {isa = PBXBuildFile; fileRef = 3F23C04A27BF36F2009490BB /* Programming_JokesUITests.swift */; };
/* End PBXBuildFile section */

/* Begin PBXContainerItemProxy section */
		3F23C03C27BF36F2009490BB /* PBXContainerItemProxy */ = {
			isa = PBXContainerItemProxy;
			containerPortal = 3F23C02227BF36E9009490BB /* Project object */;
			proxyType = 1;
			remoteGlobalIDString = 3F23C02927BF36E9009490BB;
			remoteInfo = "Programming Jokes";
		};
		3F23C04727BF36F2009490BB /* PBXContainerItemProxy */ = {
			isa = PBXContainerItemProxy;
			containerPortal = 3F23C02227BF36E9009490BB /* Project object */;
			proxyType = 1;
			remoteGlobalIDString = 3F23C02927BF36E9009490BB;
			remoteInfo = "Programming Jokes";
		};
/* End PBXContainerItemProxy section */

/* Begin PBXFileReference section */
		3F23C02A27BF36E9009490BB /* Programming Jokes.app */ = {isa = PBXFileReference; explicitFileType = wrapper.application; includeInIndex = 0; path = "Programming Jokes.app"; sourceTree = BUILT_PRODUCTS_DIR; };
		3F23C02D27BF36E9009490BB /* Programming_JokesApp.swift */ = {isa = PBXFileReference; lastKnownFileType = sourcecode.swift; path = Programming_JokesApp.swift; sourceTree = "<group>"; };
		3F23C02F27BF36E9009490BB /* ContentView.swift */ = {isa = PBXFileReference; lastKnownFileType = sourcecode.swift; path = ContentView.swift; sourceTree = "<group>"; };
		3F23C03127BF36F1009490BB /* Assets.xcassets */ = {isa = PBXFileReference; lastKnownFileType = folder.assetcatalog; path = Assets.xcassets; sourceTree = "<group>"; };
		3F23C03427BF36F1009490BB /* Preview Assets.xcassets */ = {isa = PBXFileReference; lastKnownFileType = folder.assetcatalog; path = "Preview Assets.xcassets"; sourceTree = "<group>"; };
		3F23C03627BF36F1009490BB /* Info.plist */ = {isa = PBXFileReference; lastKnownFileType = text.plist.xml; path = Info.plist; sourceTree = "<group>"; };
		3F23C03B27BF36F2009490BB /* Programming JokesTests.xctest */ = {isa = PBXFileReference; explicitFileType = wrapper.cfbundle; includeInIndex = 0; path = "Programming JokesTests.xctest"; sourceTree = BUILT_PRODUCTS_DIR; };
		3F23C03F27BF36F2009490BB /* Programming_JokesTests.swift */ = {isa = PBXFileReference; lastKnownFileType = sourcecode.swift; path = Programming_JokesTests.swift; sourceTree = "<group>"; };
		3F23C04127BF36F2009490BB /* Info.plist */ = {isa = PBXFileReference; lastKnownFileType = text.plist.xml; path = Info.plist; sourceTree = "<group>"; };
		3F23C04627BF36F2009490BB /* Programming JokesUITests.xctest */ = {isa = PBXFileReference; explicitFileType = wrapper.cfbundle; includeInIndex = 0; path = "Programming JokesUITests.xctest"; sourceTree = BUILT_PRODUCTS_DIR; };
		3F23C04A27BF36F2009490BB /* Programming_JokesUITests.swift */ = {isa = PBXFileReference; lastKnownFileType = sourcecode.swift; path = Programming_JokesUITests.swift; sourceTree = "<group>"; };
		3F23C04C27BF36F2009490BB /* Info.plist */ = {isa = PBXFileReference; lastKnownFileType = text.plist.xml; path = Info.plist; sourceTree = "<group>"; };
/* End PBXFileReference section */

/* Begin PBXFrameworksBuildPhase section */
		3F23C02727BF36E9009490BB /* Frameworks */ = {
			isa = PBXFrameworksBuildPhase;
			buildActionMask = 2147483647;
			files = (
			);
			runOnlyForDeploymentPostprocessing = 0;
		};
		3F23C03827BF36F2009490BB /* Frameworks */ = {
			isa = PBXFrameworksBuildPhase;
			buildActionMask = 2147483647;
			files = (
			);
			runOnlyForDeploymentPostprocessing = 0;
		};
		3F23C04327BF36F2009490BB /* Frameworks */ = {
			isa = PBXFrameworksBuildPhase;
			buildActionMask = 2147483647;
			files = (
			);
			runOnlyForDeploymentPostprocessing = 0;
		};
/* End PBXFrameworksBuildPhase section */

/* Begin PBXGroup section */
		3F23C02127BF36E9009490BB = {
			isa = PBXGroup;
			children = (
				3F23C02C27BF36E9009490BB /* Programming Jokes */,
				3F23C03E27BF36F2009490BB /* Programming JokesTests */,
				3F23C04927BF36F2009490BB /* Programming JokesUITests */,
				3F23C02B27BF36E9009490BB /* Products */,
			);
			sourceTree = "<group>";
		};
		3F23C02B27BF36E9009490BB /* Products */ = {
			isa = PBXGroup;
			children = (
				3F23C02A27BF36E9009490BB /* Programming Jokes.app */,
				3F23C03B27BF36F2009490BB /* Programming JokesTests.xctest */,
				3F23C04627BF36F2009490BB /* Programming JokesUITests.xctest */,
			);
			name = Products;
			sourceTree = "<group>";
		};
		3F23C02C27BF36E9009490BB /* Programming Jokes */ = {
			isa = PBXGroup;
			children = (
				3F23C02D27BF36E9009490BB /* Programming_JokesApp.swift */,
				3F23C02F27BF36E9009490BB /* ContentView.swift */,
				3F23C03127BF36F1009490BB /* Assets.xcassets */,
				3F23C03627BF36F1009490BB /* Info.plist */,
				3F23C03327BF36F1009490BB /* Preview Content */,
			);
			path = "Programming Jokes";
			sourceTree = "<group>";
		};
		3F23C03327BF36F1009490BB /* Preview Content */ = {
			isa = PBXGroup;
			children = (
				3F23C03427BF36F1009490BB /* Preview Assets.xcassets */,
			);
			path = "Preview Content";
			sourceTree = "<group>";
		};
		3F23C03E27BF36F2009490BB /* Programming JokesTests */ = {
			isa = PBXGroup;
			children = (
				3F23C03F27BF36F2009490BB /* Programming_JokesTests.swift */,
				3F23C04127BF36F2009490BB /* Info.plist */,
			);
			path = "Programming JokesTests";
			sourceTree = "<group>";
		};
		3F23C04927BF36F2009490BB /* Programming JokesUITests */ = {
			isa = PBXGroup;
			children = (
				3F23C04A27BF36F2009490BB /* Programming_JokesUITests.swift */,
				3F23C04C27BF36F2009490BB /* Info.plist */,
			);
			path = "Programming JokesUITests";
			sourceTree = "<group>";
		};
/* End PBXGroup section */

/* Begin PBXNativeTarget section */
		3F23C02927BF36E9009490BB /* Programming Jokes */ = {
			isa = PBXNativeTarget;
			buildConfigurationList = 3F23C04F27BF36F2009490BB /* Build configuration list for PBXNativeTarget "Programming Jokes" */;
			buildPhases = (
				3F23C02627BF36E9009490BB /* Sources */,
				3F23C02727BF36E9009490BB /* Frameworks */,
				3F23C02827BF36E9009490BB /* Resources */,
			);
			buildRules = (
			);
			dependencies = (
			);
			name = "Programming Jokes";
			productName = "Programming Jokes";
			productReference = 3F23C02A27BF36E9009490BB /* Programming Jokes.app */;
			productType = "com.apple.product-type.application";
		};
		3F23C03A27BF36F2009490BB /* Programming JokesTests */ = {
			isa = PBXNativeTarget;
			buildConfigurationList = 3F23C05227BF36F2009490BB /* Build configuration list for PBXNativeTarget "Programming JokesTests" */;
			buildPhases = (
				3F23C03727BF36F2009490BB /* Sources */,
				3F23C03827BF36F2009490BB /* Frameworks */,
				3F23C03927BF36F2009490BB /* Resources */,
			);
			buildRules = (
			);
			dependencies = (
				3F23C03D27BF36F2009490BB /* PBXTargetDependency */,
			);
			name = "Programming JokesTests";
			productName = "Programming JokesTests";
			productReference = 3F23C03B27BF36F2009490BB /* Programming JokesTests.xctest */;
			productType = "com.apple.product-type.bundle.unit-test";
		};
		3F23C04527BF36F2009490BB /* Programming JokesUITests */ = {
			isa = PBXNativeTarget;
			buildConfigurationList = 3F23C05527BF36F2009490BB /* Build configuration list for PBXNativeTarget "Programming JokesUITests" */;
			buildPhases = (
				3F23C04227BF36F2009490BB /* Sources */,
				3F23C04327BF36F2009490BB /* Frameworks */,
				3F23C04427BF36F2009490BB /* Resources */,
			);
			buildRules = (
			);
			dependencies = (
				3F23C04827BF36F2009490BB /* PBXTargetDependency */,
			);
			name = "Programming JokesUITests";
			productName = "Programming JokesUITests";
			productReference = 3F23C04627BF36F2009490BB /* Programming JokesUITests.xctest */;
			productType = "com.apple.product-type.bundle.ui-testing";
		};
/* End PBXNativeTarget section */

/* Begin PBXProject section */
		3F23C02227BF36E9009490BB /* Project object */ = {
			isa = PBXProject;
			attributes = {
				LastSwiftUpdateCheck = 1250;
				LastUpgradeCheck = 1250;
				TargetAttributes = {
					3F23C02927BF36E9009490BB = {
						CreatedOnToolsVersion = 12.5.1;
					};
					3F23C03A27BF36F2009490BB = {
						CreatedOnToolsVersion = 12.5.1;
						TestTargetID = 3F23C02927BF36E9009490BB;
					};
					3F23C04527BF36F2009490BB = {
						CreatedOnToolsVersion = 12.5.1;
						TestTargetID = 3F23C02927BF36E9009490BB;
					};
				};
			};
			buildConfigurationList = 3F23C02527BF36E9009490BB /* Build configuration list for PBXProject "Programming Jokes" */;
			compatibilityVersion = "Xcode 9.3";
			developmentRegion = en;
			hasScannedForEncodings = 0;
			knownRegions = (
				en,
				Base,
			);
			mainGroup = 3F23C02127BF36E9009490BB;
			productRefGroup = 3F23C02B27BF36E9009490BB /* Products */;
			projectDirPath = "";
			projectRoot = "";
			targets = (
				3F23C02927BF36E9009490BB /* Programming Jokes */,
				3F23C03A27BF36F2009490BB /* Programming JokesTests */,
				3F23C04527BF36F2009490BB /* Programming JokesUITests */,
			);
		};
/* End PBXProject section */

/* Begin PBXResourcesBuildPhase section */
		3F23C02827BF36E9009490BB /* Resources */ = {
			isa = PBXResourcesBuildPhase;
			buildActionMask = 2147483647;
			files = (
				3F23C03527BF36F1009490BB /* Preview Assets.xcassets in Resources */,
				3F23C03227BF36F1009490BB /* Assets.xcassets in Resources */,
			);
			runOnlyForDeploymentPostprocessing = 0;
		};
		3F23C03927BF36F2009490BB /* Resources */ = {
			isa = PBXResourcesBuildPhase;
			buildActionMask = 2147483647;
			files = (
			);
			runOnlyForDeploymentPostprocessing = 0;
		};
		3F23C04427BF36F2009490BB /* Resources */ = {
			isa = PBXResourcesBuildPhase;
			buildActionMask = 2147483647;
			files = (
			);
			runOnlyForDeploymentPostprocessing = 0;
		};
/* End PBXResourcesBuildPhase section */

/* Begin PBXSourcesBuildPhase section */
		3F23C02627BF36E9009490BB /* Sources */ = {
			isa = PBXSourcesBuildPhase;
			buildActionMask = 2147483647;
			files = (
				3F23C03027BF36E9009490BB /* ContentView.swift in Sources */,
				3F23C02E27BF36E9009490BB /* Programming_JokesApp.swift in Sources */,
			);
			runOnlyForDeploymentPostprocessing = 0;
		};
		3F23C03727BF36F2009490BB /* Sources */ = {
			isa = PBXSourcesBuildPhase;
			buildActionMask = 2147483647;
			files = (
				3F23C04027BF36F2009490BB /* Programming_JokesTests.swift in Sources */,
			);
			runOnlyForDeploymentPostprocessing = 0;
		};
		3F23C04227BF36F2009490BB /* Sources */ = {
			isa = PBXSourcesBuildPhase;
			buildActionMask = 2147483647;
			files = (
				3F23C04B27BF36F2009490BB /* Programming_JokesUITests.swift in Sources */,
			);
			runOnlyForDeploymentPostprocessing = 0;
		};
/* End PBXSourcesBuildPhase section */

/* Begin PBXTargetDependency section */
		3F23C03D27BF36F2009490BB /* PBXTargetDependency */ = {
			isa = PBXTargetDependency;
			target = 3F23C02927BF36E9009490BB /* Programming Jokes */;
			targetProxy = 3F23C03C27BF36F2009490BB /* PBXContainerItemProxy */;
		};
		3F23C04827BF36F2009490BB /* PBXTargetDependency */ = {
			isa = PBXTargetDependency;
			target = 3F23C02927BF36E9009490BB /* Programming Jokes */;
			targetProxy = 3F23C04727BF36F2009490BB /* PBXContainerItemProxy */;
		};
/* End PBXTargetDependency section */

/* Begin XCBuildConfiguration section */
		3F23C04D27BF36F2009490BB /* Debug */ = {
			isa = XCBuildConfiguration;
			buildSettings = {
				ALWAYS_SEARCH_USER_PATHS = NO;
				CLANG_ANALYZER_NONNULL = YES;
				CLANG_ANALYZER_NUMBER_OBJECT_CONVERSION = YES_AGGRESSIVE;
				CLANG_CXX_LANGUAGE_STANDARD = "gnu++14";
				CLANG_CXX_LIBRARY = "libc++";
				CLANG_ENABLE_MODULES = YES;
				CLANG_ENABLE_OBJC_ARC = YES;
				CLANG_ENABLE_OBJC_WEAK = YES;
				CLANG_WARN_BLOCK_CAPTURE_AUTORELEASING = YES;
				CLANG_WARN_BOOL_CONVERSION = YES;
				CLANG_WARN_COMMA = YES;
				CLANG_WARN_CONSTANT_CONVERSION = YES;
				CLANG_WARN_DEPRECATED_OBJC_IMPLEMENTATIONS = YES;
				CLANG_WARN_DIRECT_OBJC_ISA_USAGE = YES_ERROR;
				CLANG_WARN_DOCUMENTATION_COMMENTS = YES;
				CLANG_WARN_EMPTY_BODY = YES;
				CLANG_WARN_ENUM_CONVERSION = YES;
				CLANG_WARN_INFINITE_RECURSION = YES;
				CLANG_WARN_INT_CONVERSION = YES;
				CLANG_WARN_NON_LITERAL_NULL_CONVERSION = YES;
				CLANG_WARN_OBJC_IMPLICIT_RETAIN_SELF = YES;
				CLANG_WARN_OBJC_LITERAL_CONVERSION = YES;
				CLANG_WARN_OBJC_ROOT_CLASS = YES_ERROR;
				CLANG_WARN_QUOTED_INCLUDE_IN_FRAMEWORK_HEADER = YES;
				CLANG_WARN_RANGE_LOOP_ANALYSIS = YES;
				CLANG_WARN_STRICT_PROTOTYPES = YES;
				CLANG_WARN_SUSPICIOUS_MOVE = YES;
				CLANG_WARN_UNGUARDED_AVAILABILITY = YES_AGGRESSIVE;
				CLANG_WARN_UNREACHABLE_CODE = YES;
				CLANG_WARN__DUPLICATE_METHOD_MATCH = YES;
				COPY_PHASE_STRIP = NO;
				DEBUG_INFORMATION_FORMAT = dwarf;
				ENABLE_STRICT_OBJC_MSGSEND = YES;
				ENABLE_TESTABILITY = YES;
				GCC_C_LANGUAGE_STANDARD = gnu11;
				GCC_DYNAMIC_NO_PIC = NO;
				GCC_NO_COMMON_BLOCKS = YES;
				GCC_OPTIMIZATION_LEVEL = 0;
				GCC_PREPROCESSOR_DEFINITIONS = (
					"DEBUG=1",
					"$(inherited)",
				);
				GCC_WARN_64_TO_32_BIT_CONVERSION = YES;
				GCC_WARN_ABOUT_RETURN_TYPE = YES_ERROR;
				GCC_WARN_UNDECLARED_SELECTOR = YES;
				GCC_WARN_UNINITIALIZED_AUTOS = YES_AGGRESSIVE;
				GCC_WARN_UNUSED_FUNCTION = YES;
				GCC_WARN_UNUSED_VARIABLE = YES;
				IPHONEOS_DEPLOYMENT_TARGET = 14.5;
				MTL_ENABLE_DEBUG_INFO = INCLUDE_SOURCE;
				MTL_FAST_MATH = YES;
				ONLY_ACTIVE_ARCH = YES;
				SDKROOT = iphoneos;
				SWIFT_ACTIVE_COMPILATION_CONDITIONS = DEBUG;
				SWIFT_OPTIMIZATION_LEVEL = "-Onone";
			};
			name = Debug;
		};
		3F23C04E27BF36F2009490BB /* Release */ = {
			isa = XCBuildConfiguration;
			buildSettings = {
				ALWAYS_SEARCH_USER_PATHS = NO;
				CLANG_ANALYZER_NONNULL = YES;
				CLANG_ANALYZER_NUMBER_OBJECT_CONVERSION = YES_AGGRESSIVE;
				CLANG_CXX_LANGUAGE_STANDARD = "gnu++14";
				CLANG_CXX_LIBRARY = "libc++";
				CLANG_ENABLE_MODULES = YES;
				CLANG_ENABLE_OBJC_ARC = YES;
				CLANG_ENABLE_OBJC_WEAK = YES;
				CLANG_WARN_BLOCK_CAPTURE_AUTORELEASING = YES;
				CLANG_WARN_BOOL_CONVERSION = YES;
				CLANG_WARN_COMMA = YES;
				CLANG_WARN_CONSTANT_CONVERSION = YES;
				CLANG_WARN_DEPRECATED_OBJC_IMPLEMENTATIONS = YES;
				CLANG_WARN_DIRECT_OBJC_ISA_USAGE = YES_ERROR;
				CLANG_WARN_DOCUMENTATION_COMMENTS = YES;
				CLANG_WARN_EMPTY_BODY = YES;
				CLANG_WARN_ENUM_CONVERSION = YES;
				CLANG_WARN_INFINITE_RECURSION = YES;
				CLANG_WARN_INT_CONVERSION = YES;
				CLANG_WARN_NON_LITERAL_NULL_CONVERSION = YES;
				CLANG_WARN_OBJC_IMPLICIT_RETAIN_SELF = YES;
				CLANG_WARN_OBJC_LITERAL_CONVERSION = YES;
				CLANG_WARN_OBJC_ROOT_CLASS = YES_ERROR;
				CLANG_WARN_QUOTED_INCLUDE_IN_FRAMEWORK_HEADER = YES;
				CLANG_WARN_RANGE_LOOP_ANALYSIS = YES;
				CLANG_WARN_STRICT_PROTOTYPES = YES;
				CLANG_WARN_SUSPICIOUS_MOVE = YES;
				CLANG_WARN_UNGUARDED_AVAILABILITY = YES_AGGRESSIVE;
				CLANG_WARN_UNREACHABLE_CODE = YES;
				CLANG_WARN__DUPLICATE_METHOD_MATCH = YES;
				COPY_PHASE_STRIP = NO;
				DEBUG_INFORMATION_FORMAT = "dwarf-with-dsym";
				ENABLE_NS_ASSERTIONS = NO;
				ENABLE_STRICT_OBJC_MSGSEND = YES;
				GCC_C_LANGUAGE_STANDARD = gnu11;
				GCC_NO_COMMON_BLOCKS = YES;
				GCC_WARN_64_TO_32_BIT_CONVERSION = YES;
				GCC_WARN_ABOUT_RETURN_TYPE = YES_ERROR;
				GCC_WARN_UNDECLARED_SELECTOR = YES;
				GCC_WARN_UNINITIALIZED_AUTOS = YES_AGGRESSIVE;
				GCC_WARN_UNUSED_FUNCTION = YES;
				GCC_WARN_UNUSED_VARIABLE = YES;
				IPHONEOS_DEPLOYMENT_TARGET = 14.5;
				MTL_ENABLE_DEBUG_INFO = NO;
				MTL_FAST_MATH = YES;
				SDKROOT = iphoneos;
				SWIFT_COMPILATION_MODE = wholemodule;
				SWIFT_OPTIMIZATION_LEVEL = "-O";
				VALIDATE_PRODUCT = YES;
			};
			name = Release;
		};
		3F23C05027BF36F2009490BB /* Debug */ = {
			isa = XCBuildConfiguration;
			buildSettings = {
				ASSETCATALOG_COMPILER_APPICON_NAME = AppIcon;
				ASSETCATALOG_COMPILER_GLOBAL_ACCENT_COLOR_NAME = AccentColor;
				CODE_SIGN_STYLE = Automatic;
				DEVELOPMENT_ASSET_PATHS = "\"Programming Jokes/Preview Content\"";
				DEVELOPMENT_TEAM = 9MAZ73MT8K;
				ENABLE_PREVIEWS = YES;
				INFOPLIST_FILE = "Programming Jokes/Info.plist";
				IPHONEOS_DEPLOYMENT_TARGET = 14.0;
				LD_RUNPATH_SEARCH_PATHS = (
					"$(inherited)",
					"@executable_path/Frameworks",
				);
				PRODUCT_BUNDLE_IDENTIFIER = "KSerek.Programming-Jokes";
				PRODUCT_NAME = "$(TARGET_NAME)";
				SWIFT_VERSION = 5.0;
				TARGETED_DEVICE_FAMILY = "1,2";
			};
			name = Debug;
		};
		3F23C05127BF36F2009490BB /* Release */ = {
			isa = XCBuildConfiguration;
			buildSettings = {
				ASSETCATALOG_COMPILER_APPICON_NAME = AppIcon;
				ASSETCATALOG_COMPILER_GLOBAL_ACCENT_COLOR_NAME = AccentColor;
				CODE_SIGN_STYLE = Automatic;
				DEVELOPMENT_ASSET_PATHS = "\"Programming Jokes/Preview Content\"";
				DEVELOPMENT_TEAM = 9MAZ73MT8K;
				ENABLE_PREVIEWS = YES;
				INFOPLIST_FILE = "Programming Jokes/Info.plist";
				IPHONEOS_DEPLOYMENT_TARGET = 14.0;
				LD_RUNPATH_SEARCH_PATHS = (
					"$(inherited)",
					"@executable_path/Frameworks",
				);
				PRODUCT_BUNDLE_IDENTIFIER = "KSerek.Programming-Jokes";
				PRODUCT_NAME = "$(TARGET_NAME)";
				SWIFT_VERSION = 5.0;
				TARGETED_DEVICE_FAMILY = "1,2";
			};
			name = Release;
		};
		3F23C05327BF36F2009490BB /* Debug */ = {
			isa = XCBuildConfiguration;
			buildSettings = {
				ALWAYS_EMBED_SWIFT_STANDARD_LIBRARIES = YES;
				BUNDLE_LOADER = "$(TEST_HOST)";
				CODE_SIGN_STYLE = Automatic;
				DEVELOPMENT_TEAM = 9MAZ73MT8K;
				INFOPLIST_FILE = "Programming JokesTests/Info.plist";
				IPHONEOS_DEPLOYMENT_TARGET = 14.0;
				LD_RUNPATH_SEARCH_PATHS = (
					"$(inherited)",
					"@executable_path/Frameworks",
					"@loader_path/Frameworks",
				);
				PRODUCT_BUNDLE_IDENTIFIER = "KSerek.Programming-JokesTests";
				PRODUCT_NAME = "$(TARGET_NAME)";
				SWIFT_VERSION = 5.0;
				TARGETED_DEVICE_FAMILY = "1,2";
				TEST_HOST = "$(BUILT_PRODUCTS_DIR)/Programming Jokes.app/Programming Jokes";
			};
			name = Debug;
		};
		3F23C05427BF36F2009490BB /* Release */ = {
			isa = XCBuildConfiguration;
			buildSettings = {
				ALWAYS_EMBED_SWIFT_STANDARD_LIBRARIES = YES;
				BUNDLE_LOADER = "$(TEST_HOST)";
				CODE_SIGN_STYLE = Automatic;
				DEVELOPMENT_TEAM = 9MAZ73MT8K;
				INFOPLIST_FILE = "Programming JokesTests/Info.plist";
				IPHONEOS_DEPLOYMENT_TARGET = 14.0;
				LD_RUNPATH_SEARCH_PATHS = (
					"$(inherited)",
					"@executable_path/Frameworks",
					"@loader_path/Frameworks",
				);
				PRODUCT_BUNDLE_IDENTIFIER = "KSerek.Programming-JokesTests";
				PRODUCT_NAME = "$(TARGET_NAME)";
				SWIFT_VERSION = 5.0;
				TARGETED_DEVICE_FAMILY = "1,2";
				TEST_HOST = "$(BUILT_PRODUCTS_DIR)/Programming Jokes.app/Programming Jokes";
			};
			name = Release;
		};
		3F23C05627BF36F2009490BB /* Debug */ = {
			isa = XCBuildConfiguration;
			buildSettings = {
				ALWAYS_EMBED_SWIFT_STANDARD_LIBRARIES = YES;
				CODE_SIGN_STYLE = Automatic;
				DEVELOPMENT_TEAM = 9MAZ73MT8K;
				INFOPLIST_FILE = "Programming JokesUITests/Info.plist";
				LD_RUNPATH_SEARCH_PATHS = (
					"$(inherited)",
					"@executable_path/Frameworks",
					"@loader_path/Frameworks",
				);
				PRODUCT_BUNDLE_IDENTIFIER = "KSerek.Programming-JokesUITests";
				PRODUCT_NAME = "$(TARGET_NAME)";
				SWIFT_VERSION = 5.0;
				TARGETED_DEVICE_FAMILY = "1,2";
				TEST_TARGET_NAME = "Programming Jokes";
			};
			name = Debug;
		};
		3F23C05727BF36F2009490BB /* Release */ = {
			isa = XCBuildConfiguration;
			buildSettings = {
				ALWAYS_EMBED_SWIFT_STANDARD_LIBRARIES = YES;
				CODE_SIGN_STYLE = Automatic;
				DEVELOPMENT_TEAM = 9MAZ73MT8K;
				INFOPLIST_FILE = "Programming JokesUITests/Info.plist";
				LD_RUNPATH_SEARCH_PATHS = (
					"$(inherited)",
					"@executable_path/Frameworks",
					"@loader_path/Frameworks",
				);
				PRODUCT_BUNDLE_IDENTIFIER = "KSerek.Programming-JokesUITests";
				PRODUCT_NAME = "$(TARGET_NAME)";
				SWIFT_VERSION = 5.0;
				TARGETED_DEVICE_FAMILY = "1,2";
				TEST_TARGET_NAME = "Programming Jokes";
			};
			name = Release;
		};
/* End XCBuildConfiguration section */

/* Begin XCConfigurationList section */
		3F23C02527BF36E9009490BB /* Build configuration list for PBXProject "Programming Jokes" */ = {
			isa = XCConfigurationList;
			buildConfigurations = (
				3F23C04D27BF36F2009490BB /* Debug */,
				3F23C04E27BF36F2009490BB /* Release */,
			);
			defaultConfigurationIsVisible = 0;
			defaultConfigurationName = Release;
		};
		3F23C04F27BF36F2009490BB /* Build configuration list for PBXNativeTarget "Programming Jokes" */ = {
			isa = XCConfigurationList;
			buildConfigurations = (
				3F23C05027BF36F2009490BB /* Debug */,
				3F23C05127BF36F2009490BB /* Release */,
			);
			defaultConfigurationIsVisible = 0;
			defaultConfigurationName = Release;
		};
		3F23C05227BF36F2009490BB /* Build configuration list for PBXNativeTarget "Programming JokesTests" */ = {
			isa = XCConfigurationList;
			buildConfigurations = (
				3F23C05327BF36F2009490BB /* Debug */,
				3F23C05427BF36F2009490BB /* Release */,
			);
			defaultConfigurationIsVisible = 0;
			defaultConfigurationName = Release;
		};
		3F23C05527BF36F2009490BB /* Build configuration list for PBXNativeTarget "Programming JokesUITests" */ = {
			isa = XCConfigurationList;
			buildConfigurations = (
				3F23C05627BF36F2009490BB /* Debug */,
				3F23C05727BF36F2009490BB /* Release */,
			);
			defaultConfigurationIsVisible = 0;
			defaultConfigurationName = Release;
		};
/* End XCConfigurationList section */
	};
	rootObject = 3F23C02227BF36E9009490BB /* Project object */;
}
